
Microsoft Visual Studio Solution File, Format Version 12.00
# Visual Studio Version 17
VisualStudioVersion = 17.0.32112.339
MinimumVisualStudioVersion = 10.0.40219.1
Project("{9A19103F-16F7-4668-BE54-9A1E7A4F7556}") = "Photobox.WPFClient", "Photobox\Photobox.WPFClient.csproj", "{8AB081CB-0E23-4FC1-A8FF-F7BF5DCC7053}"
EndProject
Project("{9A19103F-16F7-4668-BE54-9A1E7A4F7556}") = "Photobox.ViewModels", "Photobox.ViewModels\Photobox.ViewModels.csproj", "{7F3BA74B-8875-4F10-AAA4-00B1727ADA21}"
EndProject
Project("{9A19103F-16F7-4668-BE54-9A1E7A4F7556}") = "Photobox.Models", "Photobox.Models\Photobox.Models.csproj", "{8E87BDD9-1427-438A-BC9C-BE81AA9F164C}"
EndProject
Project("{FAE04EC0-301F-11D3-BF4B-00C04F79EFBC}") = "Photobox.IServices", "Photobox.IServices\Photobox.IServices.csproj", "{18FD12D0-8DF6-4D35-83EB-11BC7BC25389}"
EndProject
Project("{FAE04EC0-301F-11D3-BF4B-00C04F79EFBC}") = "Photobox.CameraService", "Photobox.CameraService\Photobox.CameraService.csproj", "{1C250BA6-D03D-442A-B2EA-FB6D1665EEB0}"
EndProject
Project("{FAE04EC0-301F-11D3-BF4B-00C04F79EFBC}") = "Photobox.Helpers", "Photobox.Helpers\Photobox.Helpers.csproj", "{924AA688-A388-4919-889A-D4B49F8FE41F}"
EndProject
Global
	GlobalSection(SolutionConfigurationPlatforms) = preSolution
		Debug|Any CPU = Debug|Any CPU
		Release|Any CPU = Release|Any CPU
	EndGlobalSection
	GlobalSection(ProjectConfigurationPlatforms) = postSolution
		{8AB081CB-0E23-4FC1-A8FF-F7BF5DCC7053}.Debug|Any CPU.ActiveCfg = Debug|Any CPU
		{8AB081CB-0E23-4FC1-A8FF-F7BF5DCC7053}.Debug|Any CPU.Build.0 = Debug|Any CPU
		{8AB081CB-0E23-4FC1-A8FF-F7BF5DCC7053}.Release|Any CPU.ActiveCfg = Release|Any CPU
		{8AB081CB-0E23-4FC1-A8FF-F7BF5DCC7053}.Release|Any CPU.Build.0 = Release|Any CPU
		{7F3BA74B-8875-4F10-AAA4-00B1727ADA21}.Debug|Any CPU.ActiveCfg = Debug|Any CPU
		{7F3BA74B-8875-4F10-AAA4-00B1727ADA21}.Debug|Any CPU.Build.0 = Debug|Any CPU
		{7F3BA74B-8875-4F10-AAA4-00B1727ADA21}.Release|Any CPU.ActiveCfg = Release|Any CPU
		{7F3BA74B-8875-4F10-AAA4-00B1727ADA21}.Release|Any CPU.Build.0 = Release|Any CPU
		{8E87BDD9-1427-438A-BC9C-BE81AA9F164C}.Debug|Any CPU.ActiveCfg = Debug|Any CPU
		{8E87BDD9-1427-438A-BC9C-BE81AA9F164C}.Debug|Any CPU.Build.0 = Debug|Any CPU
		{8E87BDD9-1427-438A-BC9C-BE81AA9F164C}.Release|Any CPU.ActiveCfg = Release|Any CPU
		{8E87BDD9-1427-438A-BC9C-BE81AA9F164C}.Release|Any CPU.Build.0 = Release|Any CPU
		{18FD12D0-8DF6-4D35-83EB-11BC7BC25389}.Debug|Any CPU.ActiveCfg = Debug|Any CPU
		{18FD12D0-8DF6-4D35-83EB-11BC7BC25389}.Debug|Any CPU.Build.0 = Debug|Any CPU
		{18FD12D0-8DF6-4D35-83EB-11BC7BC25389}.Release|Any CPU.ActiveCfg = Release|Any CPU
		{18FD12D0-8DF6-4D35-83EB-11BC7BC25389}.Release|Any CPU.Build.0 = Release|Any CPU
		{1C250BA6-D03D-442A-B2EA-FB6D1665EEB0}.Debug|Any CPU.ActiveCfg = Debug|Any CPU
		{1C250BA6-D03D-442A-B2EA-FB6D1665EEB0}.Debug|Any CPU.Build.0 = Debug|Any CPU
		{1C250BA6-D03D-442A-B2EA-FB6D1665EEB0}.Release|Any CPU.ActiveCfg = Release|Any CPU
		{1C250BA6-D03D-442A-B2EA-FB6D1665EEB0}.Release|Any CPU.Build.0 = Release|Any CPU
		{924AA688-A388-4919-889A-D4B49F8FE41F}.Debug|Any CPU.ActiveCfg = Debug|Any CPU
		{924AA688-A388-4919-889A-D4B49F8FE41F}.Debug|Any CPU.Build.0 = Debug|Any CPU
		{924AA688-A388-4919-889A-D4B49F8FE41F}.Release|Any CPU.ActiveCfg = Release|Any CPU
		{924AA688-A388-4919-889A-D4B49F8FE41F}.Release|Any CPU.Build.0 = Release|Any CPU
	EndGlobalSection
	GlobalSection(SolutionProperties) = preSolution
		HideSolutionNode = FALSE
	EndGlobalSection
	GlobalSection(ExtensibilityGlobals) = postSolution
		SolutionGuid = {530DE53C-F2D8-4B47-B937-D7DECEED74F8}
	EndGlobalSection
EndGlobal
